
Microsoft Visual Studio Solution File, Format Version 12.00
# Visual Studio Version 16
VisualStudioVersion = 16.0.28721.148
MinimumVisualStudioVersion = 10.0.40219.1
Project("{FAE04EC0-301F-11D3-BF4B-00C04F79EFBC}") = "DiceWeb", "DiceWeb\DiceWeb.csproj", "{6BFEFD02-314F-4A79-B164-096B2086DEFD}"
EndProject
Global
	GlobalSection(SolutionConfigurationPlatforms) = preSolution
		Debug|Any CPU = Debug|Any CPU
		Release|Any CPU = Release|Any CPU
	EndGlobalSection
	GlobalSection(ProjectConfigurationPlatforms) = postSolution
		{6BFEFD02-314F-4A79-B164-096B2086DEFD}.Debug|Any CPU.ActiveCfg = Debug|Any CPU
		{6BFEFD02-314F-4A79-B164-096B2086DEFD}.Debug|Any CPU.Build.0 = Debug|Any CPU
		{6BFEFD02-314F-4A79-B164-096B2086DEFD}.Release|Any CPU.ActiveCfg = Release|Any CPU
		{6BFEFD02-314F-4A79-B164-096B2086DEFD}.Release|Any CPU.Build.0 = Release|Any CPU
	EndGlobalSection
	GlobalSection(SolutionProperties) = preSolution
		HideSolutionNode = FALSE
	EndGlobalSection
	GlobalSection(ExtensibilityGlobals) = postSolution
		SolutionGuid = {1D1ECBF9-40D7-4B67-817F-7F8301B149EE}
	EndGlobalSection
EndGlobal
